{
  "version": 4,
  "terraform_version": "1.9.5",
  "serial": 20,
  "lineage": "f1ac6522-8815-e13d-57c3-b57267d977f7",
  "outputs": {},
  "resources": [
    {
      "mode": "data",
      "type": "spotify_search_track",
      "name": "TheFray",
      "provider": "provider[\"registry.terraform.io/conradludgate/spotify\"]",
      "instances": [
        {
          "schema_version": 0,
          "attributes": {
            "album": null,
            "artist": "The Fray",
            "explicit": true,
            "id": "1725739601",
            "limit": 10,
            "name": null,
            "tracks": [
              {
                "album": "1IM3GwptCGYjRkzCBolyFK",
                "artists": [
                  "0zOcE3mg9nS6l3yxt1Y0bK"
                ],
                "id": "5fVZC9GiM4e8vu99W0Xf6J",
                "name": "How to Save a Life"
              },
              {
                "album": "3ibdlhMmbFPMYoWvwHCzI3",
                "artists": [
                  "0zOcE3mg9nS6l3yxt1Y0bK"
                ],
                "id": "4IoYz8XqqdowINzfRrFnhi",
                "name": "You Found Me"
              },
              {
                "album": "1IM3GwptCGYjRkzCBolyFK",
                "artists": [
                  "0zOcE3mg9nS6l3yxt1Y0bK"
                ],
                "id": "1N62wozuHCvczCkY4QidpP",
                "name": "Over My Head (Cable Car)"
              },
              {
                "album": "1IM3GwptCGYjRkzCBolyFK",
                "artists": [
                  "0zOcE3mg9nS6l3yxt1Y0bK"
                ],
                "id": "5l6hpyTGBK0LAAxgPnqTQL",
                "name": "Look After You"
              },
              {
                "album": "1Nu3r7EuveXog0rPvXExSF",
                "artists": [
                  "0zOcE3mg9nS6l3yxt1Y0bK"
                ],
                "id": "2atYprr9JsQaLynGhrWhld",
                "name": "Heartbeat"
              },
              {
                "album": "3ibdlhMmbFPMYoWvwHCzI3",
                "artists": [
                  "0zOcE3mg9nS6l3yxt1Y0bK"
                ],
                "id": "57uX2vR9j9DNiANDYfXw1i",
                "name": "Never Say Never"
              },
              {
                "album": "1Nu3r7EuveXog0rPvXExSF",
                "artists": [
                  "0zOcE3mg9nS6l3yxt1Y0bK"
                ],
                "id": "3URt4lJQlANOstDBAWQJA7",
                "name": "Be Still"
              },
              {
                "album": "4Z1kH6bfeeMYtCuhnR4vEr",
                "artists": [
                  "0zOcE3mg9nS6l3yxt1Y0bK"
                ],
                "id": "6IDDwI0YOCAUDhMZltQekS",
                "name": "Love Don't Die"
              },
              {
                "album": "5QS64j2i3oaXlx3LdUwU45",
                "artists": [
                  "0zOcE3mg9nS6l3yxt1Y0bK"
                ],
                "id": "3aiuUpr6enuPjTyZcFhUlS",
                "name": "Time Well Wasted"
              },
              {
                "album": "2NtfMmiRBZvp5WP853QqqB",
                "artists": [
                  "0zOcE3mg9nS6l3yxt1Y0bK"
                ],
                "id": "77qU2pqTe4spkWxNWx0JqJ",
                "name": "Don't Look Down"
              }
            ],
            "year": null
          },
          "sensitive_attributes": []
        }
      ]
    },
    {
      "mode": "managed",
      "type": "spotify_playlist",
      "name": "study_music",
      "provider": "provider[\"registry.terraform.io/conradludgate/spotify\"]",
      "instances": [
        {
          "schema_version": 0,
          "attributes": {
            "description": "",
            "id": "1KrabKJ9pg9mb6XG2E21F3",
            "name": "Study Music",
            "public": true,
            "snapshot_id": "AAAACWw44ibHzPA38WdeUayH2g8b6E9O",
            "tracks": [
              "6fxVffaTuwjgEk5h9QyRjy",
              "2hKdd3qO7cWr2Jo0Bcs0MA",
              "3Vr3zh0r7ALn8VLqCiRR10",
              "2RiBogNRfulkNf7fVbPOrJ",
              "0FDzzruyVECATHXKHFs9eJ",
              "7cA3PnUQDlUyBBwpRozQeo",
              "4U45aEWtQhrm8A5mxPaFZ7",
              "3vUn7FE3ZaQgJmkhIrIirF",
              "1fDtoTPDyzkNOfFIRXxsC5",
              "3ZffCQKLFLUvYM59XKLbVm",
              "7hVZJGsh5fxFtwaqgJq1nf",
              "0W4Kpfp1w2xkY3PrV714B7",
              "2ixsaeFioXJmMgkkbd4uj1",
              "6vWXl7JGlTTIHJCDCQTPjD",
              "6me7F0aaZjwDo6RJ5MrfBD"
            ]
          },
          "sensitive_attributes": [],
          "private": "bnVsbA=="
        }
      ]
    },
    {
      "mode": "managed",
      "type": "spotify_playlist",
      "name": "theFrayBestHits",
      "provider": "provider[\"registry.terraform.io/conradludgate/spotify\"]",
      "instances": [
        {
          "schema_version": 0,
          "attributes": {
            "description": "",
            "id": "2VyKzj0PNhiL9OBpoLmsd4",
            "name": "The Fray Best Hits",
            "public": true,
            "snapshot_id": "AAAABNZ5+HI2HcH+YT8NGT561D351TUN",
            "tracks": [
              "5fVZC9GiM4e8vu99W0Xf6J",
              "4IoYz8XqqdowINzfRrFnhi",
              "1N62wozuHCvczCkY4QidpP",
              "5l6hpyTGBK0LAAxgPnqTQL",
              "2atYprr9JsQaLynGhrWhld",
              "57uX2vR9j9DNiANDYfXw1i",
              "3URt4lJQlANOstDBAWQJA7"
            ]
          },
          "sensitive_attributes": [],
          "private": "bnVsbA==",
          "dependencies": [
            "data.spotify_search_track.TheFray"
          ]
        }
      ]
    }
  ],
  "check_results": null
}
